# This file is automatically @generated by Cargo.
# It is not intended for manual editing.
version = 4

[[package]]
name = "hle-cli"
version = "0.0.0-scaffold"

[[package]]
name = "substrate-emit"
version = "0.0.0-scaffold"

[[package]]
name = "substrate-types"
version = "0.0.0-scaffold"

[[package]]
name = "substrate-verify"
version = "0.0.0-scaffold"
